
Microsoft Visual Studio Solution File, Format Version 12.00
# Visual Studio Version 16
VisualStudioVersion = 16.0.31829.152
MinimumVisualStudioVersion = 10.0.40219.1
Project("{FAE04EC0-301F-11D3-BF4B-00C04F79EFBC}") = "GuiClient", "GuiClient\GuiClient.csproj", "{AAD482C9-BEDB-43DF-A384-8698E2363967}"
EndProject
Global
	GlobalSection(SolutionConfigurationPlatforms) = preSolution
		Debug|Any CPU = Debug|Any CPU
		Release|Any CPU = Release|Any CPU
	EndGlobalSection
	GlobalSection(ProjectConfigurationPlatforms) = postSolution
		{AAD482C9-BEDB-43DF-A384-8698E2363967}.Debug|Any CPU.ActiveCfg = Debug|Any CPU
		{AAD482C9-BEDB-43DF-A384-8698E2363967}.Debug|Any CPU.Build.0 = Debug|Any CPU
		{AAD482C9-BEDB-43DF-A384-8698E2363967}.Release|Any CPU.ActiveCfg = Release|Any CPU
		{AAD482C9-BEDB-43DF-A384-8698E2363967}.Release|Any CPU.Build.0 = Release|Any CPU
	EndGlobalSection
	GlobalSection(SolutionProperties) = preSolution
		HideSolutionNode = FALSE
	EndGlobalSection
	GlobalSection(ExtensibilityGlobals) = postSolution
		SolutionGuid = {675AB81D-3735-4CB0-8845-10429F369111}
	EndGlobalSection
EndGlobal
