
Microsoft Visual Studio Solution File, Format Version 12.00
# Visual Studio Version 16
VisualStudioVersion = 16.0.32428.217
MinimumVisualStudioVersion = 10.0.40219.1
Project("{FAE04EC0-301F-11D3-BF4B-00C04F79EFBC}") = "MyWebService", "MyWebService\MyWebService.csproj", "{77962FE4-4D06-48D7-AB35-55F0ECB1D8D0}"
EndProject
Global
	GlobalSection(SolutionConfigurationPlatforms) = preSolution
		Debug|Any CPU = Debug|Any CPU
		Release|Any CPU = Release|Any CPU
	EndGlobalSection
	GlobalSection(ProjectConfigurationPlatforms) = postSolution
		{77962FE4-4D06-48D7-AB35-55F0ECB1D8D0}.Debug|Any CPU.ActiveCfg = Debug|Any CPU
		{77962FE4-4D06-48D7-AB35-55F0ECB1D8D0}.Debug|Any CPU.Build.0 = Debug|Any CPU
		{77962FE4-4D06-48D7-AB35-55F0ECB1D8D0}.Release|Any CPU.ActiveCfg = Release|Any CPU
		{77962FE4-4D06-48D7-AB35-55F0ECB1D8D0}.Release|Any CPU.Build.0 = Release|Any CPU
	EndGlobalSection
	GlobalSection(SolutionProperties) = preSolution
		HideSolutionNode = FALSE
	EndGlobalSection
	GlobalSection(ExtensibilityGlobals) = postSolution
		SolutionGuid = {79ECA569-6A75-41EB-946F-8E488C96AFF4}
	EndGlobalSection
EndGlobal
