
Microsoft Visual Studio Solution File, Format Version 12.00
# Visual Studio Version 16
VisualStudioVersion = 16.0.31829.152
MinimumVisualStudioVersion = 10.0.40219.1
Project("{FAE04EC0-301F-11D3-BF4B-00C04F79EFBC}") = "RSI_01_1", "RSI_01_1\RSI_01_1.csproj", "{9A654A15-2636-4467-8D69-649225E8A128}"
EndProject
Global
	GlobalSection(SolutionConfigurationPlatforms) = preSolution
		Debug|Any CPU = Debug|Any CPU
		Release|Any CPU = Release|Any CPU
	EndGlobalSection
	GlobalSection(ProjectConfigurationPlatforms) = postSolution
		{9A654A15-2636-4467-8D69-649225E8A128}.Debug|Any CPU.ActiveCfg = Debug|Any CPU
		{9A654A15-2636-4467-8D69-649225E8A128}.Debug|Any CPU.Build.0 = Debug|Any CPU
		{9A654A15-2636-4467-8D69-649225E8A128}.Release|Any CPU.ActiveCfg = Release|Any CPU
		{9A654A15-2636-4467-8D69-649225E8A128}.Release|Any CPU.Build.0 = Release|Any CPU
	EndGlobalSection
	GlobalSection(SolutionProperties) = preSolution
		HideSolutionNode = FALSE
	EndGlobalSection
	GlobalSection(ExtensibilityGlobals) = postSolution
		SolutionGuid = {531F89E6-D570-46D8-8A6E-6A785CE5D9F0}
	EndGlobalSection
EndGlobal
