
Microsoft Visual Studio Solution File, Format Version 12.00
# Visual Studio Version 16
VisualStudioVersion = 16.0.31829.152
MinimumVisualStudioVersion = 10.0.40219.1
Project("{FAE04EC0-301F-11D3-BF4B-00C04F79EFBC}") = "WcfServiceLibrary1", "WcfServiceLibrary1\WcfServiceLibrary1.csproj", "{C01D6D01-86A8-4B31-8014-CBEC30D43193}"
EndProject
Global
	GlobalSection(SolutionConfigurationPlatforms) = preSolution
		Debug|Any CPU = Debug|Any CPU
		Release|Any CPU = Release|Any CPU
	EndGlobalSection
	GlobalSection(ProjectConfigurationPlatforms) = postSolution
		{C01D6D01-86A8-4B31-8014-CBEC30D43193}.Debug|Any CPU.ActiveCfg = Debug|Any CPU
		{C01D6D01-86A8-4B31-8014-CBEC30D43193}.Debug|Any CPU.Build.0 = Debug|Any CPU
		{C01D6D01-86A8-4B31-8014-CBEC30D43193}.Release|Any CPU.ActiveCfg = Release|Any CPU
		{C01D6D01-86A8-4B31-8014-CBEC30D43193}.Release|Any CPU.Build.0 = Release|Any CPU
	EndGlobalSection
	GlobalSection(SolutionProperties) = preSolution
		HideSolutionNode = FALSE
	EndGlobalSection
	GlobalSection(ExtensibilityGlobals) = postSolution
		SolutionGuid = {B362B135-A1EB-454D-9C84-B88F2DECEF2C}
	EndGlobalSection
EndGlobal
