
Microsoft Visual Studio Solution File, Format Version 12.00
# Visual Studio Version 16
VisualStudioVersion = 16.0.31829.152
MinimumVisualStudioVersion = 10.0.40219.1
Project("{FAE04EC0-301F-11D3-BF4B-00C04F79EFBC}") = "WebClientMVC", "WebClientMVC\WebClientMVC.csproj", "{F9F8FA9E-46AF-4954-AE73-D4A0A7CAA091}"
EndProject
Global
	GlobalSection(SolutionConfigurationPlatforms) = preSolution
		Debug|Any CPU = Debug|Any CPU
		Release|Any CPU = Release|Any CPU
	EndGlobalSection
	GlobalSection(ProjectConfigurationPlatforms) = postSolution
		{F9F8FA9E-46AF-4954-AE73-D4A0A7CAA091}.Debug|Any CPU.ActiveCfg = Debug|Any CPU
		{F9F8FA9E-46AF-4954-AE73-D4A0A7CAA091}.Debug|Any CPU.Build.0 = Debug|Any CPU
		{F9F8FA9E-46AF-4954-AE73-D4A0A7CAA091}.Release|Any CPU.ActiveCfg = Release|Any CPU
		{F9F8FA9E-46AF-4954-AE73-D4A0A7CAA091}.Release|Any CPU.Build.0 = Release|Any CPU
	EndGlobalSection
	GlobalSection(SolutionProperties) = preSolution
		HideSolutionNode = FALSE
	EndGlobalSection
	GlobalSection(ExtensibilityGlobals) = postSolution
		SolutionGuid = {89CF5926-B333-4B13-9DD8-5CD77EA12DF6}
	EndGlobalSection
EndGlobal
