
Microsoft Visual Studio Solution File, Format Version 12.00
# Visual Studio Version 16
VisualStudioVersion = 16.0.31829.152
MinimumVisualStudioVersion = 10.0.40219.1
Project("{FAE04EC0-301F-11D3-BF4B-00C04F79EFBC}") = "WcfServiceMovies", "WcfServiceMovies\WcfServiceMovies.csproj", "{8F93327B-EC17-43AA-9725-576885F8591C}"
EndProject
Global
	GlobalSection(SolutionConfigurationPlatforms) = preSolution
		Debug|Any CPU = Debug|Any CPU
		Release|Any CPU = Release|Any CPU
	EndGlobalSection
	GlobalSection(ProjectConfigurationPlatforms) = postSolution
		{8F93327B-EC17-43AA-9725-576885F8591C}.Debug|Any CPU.ActiveCfg = Debug|Any CPU
		{8F93327B-EC17-43AA-9725-576885F8591C}.Debug|Any CPU.Build.0 = Debug|Any CPU
		{8F93327B-EC17-43AA-9725-576885F8591C}.Release|Any CPU.ActiveCfg = Release|Any CPU
		{8F93327B-EC17-43AA-9725-576885F8591C}.Release|Any CPU.Build.0 = Release|Any CPU
	EndGlobalSection
	GlobalSection(SolutionProperties) = preSolution
		HideSolutionNode = FALSE
	EndGlobalSection
	GlobalSection(ExtensibilityGlobals) = postSolution
		SolutionGuid = {F0B2861C-74FB-4C62-A4B6-B8E98DC27217}
	EndGlobalSection
EndGlobal
