
Microsoft Visual Studio Solution File, Format Version 12.00
# Visual Studio Version 16
VisualStudioVersion = 16.0.31829.152
MinimumVisualStudioVersion = 10.0.40219.1
Project("{FAE04EC0-301F-11D3-BF4B-00C04F79EFBC}") = "ConsoleClient1", "ConsoleClient1\ConsoleClient1.csproj", "{BECA4E39-B5A6-49C7-9A0B-716174697182}"
EndProject
Global
	GlobalSection(SolutionConfigurationPlatforms) = preSolution
		Debug|Any CPU = Debug|Any CPU
		Release|Any CPU = Release|Any CPU
	EndGlobalSection
	GlobalSection(ProjectConfigurationPlatforms) = postSolution
		{BECA4E39-B5A6-49C7-9A0B-716174697182}.Debug|Any CPU.ActiveCfg = Debug|Any CPU
		{BECA4E39-B5A6-49C7-9A0B-716174697182}.Debug|Any CPU.Build.0 = Debug|Any CPU
		{BECA4E39-B5A6-49C7-9A0B-716174697182}.Release|Any CPU.ActiveCfg = Release|Any CPU
		{BECA4E39-B5A6-49C7-9A0B-716174697182}.Release|Any CPU.Build.0 = Release|Any CPU
	EndGlobalSection
	GlobalSection(SolutionProperties) = preSolution
		HideSolutionNode = FALSE
	EndGlobalSection
	GlobalSection(ExtensibilityGlobals) = postSolution
		SolutionGuid = {B8242CD1-1B05-4700-9DA0-2577DDC7C720}
	EndGlobalSection
EndGlobal
